// !$*UTF8*$!
{
	archiveVersion = 1;
	classes = {
	};
	objectVersion = 46;
	objects = {

/* Begin PBXBuildFile section */
		8F3C785C1AF4093300478134 /* Globals.swift in Sources */ = {isa = PBXBuildFile; fileRef = 8F3C785B1AF4093300478134 /* Globals.swift */; };
		8F514F581AF2916E00F42324 /* Main.storyboard in Resources */ = {isa = PBXBuildFile; fileRef = 8F514F561AF2916E00F42324 /* Main.storyboard */; };
		8F514F5A1AF2916E00F42324 /* Images.xcassets in Resources */ = {isa = PBXBuildFile; fileRef = 8F514F591AF2916E00F42324 /* Images.xcassets */; };
		8F514F5D1AF2916E00F42324 /* LaunchScreen.xib in Resources */ = {isa = PBXBuildFile; fileRef = 8F514F5B1AF2916E00F42324 /* LaunchScreen.xib */; };
		8F514F691AF2916E00F42324 /* OwnersClosetTests.swift in Sources */ = {isa = PBXBuildFile; fileRef = 8F514F681AF2916E00F42324 /* OwnersClosetTests.swift */; };
		8F514F751AF2979000F42324 /* Bolts.framework in Frameworks */ = {isa = PBXBuildFile; fileRef = 8F514F731AF2979000F42324 /* Bolts.framework */; };
		8F514F761AF2979000F42324 /* Parse.framework in Frameworks */ = {isa = PBXBuildFile; fileRef = 8F514F741AF2979000F42324 /* Parse.framework */; };
		8F514F7E1AF298AB00F42324 /* AudioToolbox.framework in Frameworks */ = {isa = PBXBuildFile; fileRef = 8F514F7D1AF298AB00F42324 /* AudioToolbox.framework */; };
		8F514F801AF298B300F42324 /* CFNetwork.framework in Frameworks */ = {isa = PBXBuildFile; fileRef = 8F514F7F1AF298B300F42324 /* CFNetwork.framework */; };
		8F514F821AF298BE00F42324 /* CoreGraphics.framework in Frameworks */ = {isa = PBXBuildFile; fileRef = 8F514F811AF298BE00F42324 /* CoreGraphics.framework */; };
		8F514F841AF298C700F42324 /* CoreLocation.framework in Frameworks */ = {isa = PBXBuildFile; fileRef = 8F514F831AF298C700F42324 /* CoreLocation.framework */; };
		8F514F861AF298D100F42324 /* MobileCoreServices.framework in Frameworks */ = {isa = PBXBuildFile; fileRef = 8F514F851AF298D100F42324 /* MobileCoreServices.framework */; };
		8F514F881AF298D800F42324 /* QuartzCore.framework in Frameworks */ = {isa = PBXBuildFile; fileRef = 8F514F871AF298D800F42324 /* QuartzCore.framework */; };
		8F514F8A1AF298E000F42324 /* Security.framework in Frameworks */ = {isa = PBXBuildFile; fileRef = 8F514F891AF298E000F42324 /* Security.framework */; };
		8F514F8C1AF298EA00F42324 /* StoreKit.framework in Frameworks */ = {isa = PBXBuildFile; fileRef = 8F514F8B1AF298EA00F42324 /* StoreKit.framework */; };
		8F514F8E1AF298F700F42324 /* SystemConfiguration.framework in Frameworks */ = {isa = PBXBuildFile; fileRef = 8F514F8D1AF298F700F42324 /* SystemConfiguration.framework */; };
		8F514F901AF2990600F42324 /* libz.dylib in Frameworks */ = {isa = PBXBuildFile; fileRef = 8F514F8F1AF2990600F42324 /* libz.dylib */; };
		8F514F921AF2991700F42324 /* libsqlite3.dylib in Frameworks */ = {isa = PBXBuildFile; fileRef = 8F514F911AF2991700F42324 /* libsqlite3.dylib */; };
		8F514F941AF299B600F42324 /* AppDelegate.swift in Sources */ = {isa = PBXBuildFile; fileRef = 8F514F931AF299B600F42324 /* AppDelegate.swift */; };
		8F514F971AF299E400F42324 /* EntryVC.swift in Sources */ = {isa = PBXBuildFile; fileRef = 8F514F961AF299E400F42324 /* EntryVC.swift */; };
		8F514F9E1AF29A3900F42324 /* GuestDetailCell.swift in Sources */ = {isa = PBXBuildFile; fileRef = 8F514F9B1AF29A3900F42324 /* GuestDetailCell.swift */; };
		8F514F9F1AF29A3900F42324 /* MapViewVC.swift in Sources */ = {isa = PBXBuildFile; fileRef = 8F514F9C1AF29A3900F42324 /* MapViewVC.swift */; };
		8F514FA21AF29A6700F42324 /* ReturnedPlaceVC.swift in Sources */ = {isa = PBXBuildFile; fileRef = 8F514FA11AF29A6700F42324 /* ReturnedPlaceVC.swift */; };
		8F514FA51AF29A8700F42324 /* GuestSearchVC.swift in Sources */ = {isa = PBXBuildFile; fileRef = 8F514FA41AF29A8700F42324 /* GuestSearchVC.swift */; };
		8F514FA81AF29A9C00F42324 /* GuestVC.swift in Sources */ = {isa = PBXBuildFile; fileRef = 8F514FA61AF29A9C00F42324 /* GuestVC.swift */; };
		8F514FA91AF29A9C00F42324 /* GuestVCCell.swift in Sources */ = {isa = PBXBuildFile; fileRef = 8F514FA71AF29A9C00F42324 /* GuestVCCell.swift */; };
		8F514FAD1AF29AC300F42324 /* OwnerVC.swift in Sources */ = {isa = PBXBuildFile; fileRef = 8F514FAB1AF29AC300F42324 /* OwnerVC.swift */; };
		8F514FAE1AF29AC300F42324 /* OwnerVCCell.swift in Sources */ = {isa = PBXBuildFile; fileRef = 8F514FAC1AF29AC300F42324 /* OwnerVCCell.swift */; };
		8F514FB31AF29AE000F42324 /* OwnerAddVC.swift in Sources */ = {isa = PBXBuildFile; fileRef = 8F514FB01AF29AE000F42324 /* OwnerAddVC.swift */; };
		8F514FB41AF29AE000F42324 /* OwnerAddItems.swift in Sources */ = {isa = PBXBuildFile; fileRef = 8F514FB11AF29AE000F42324 /* OwnerAddItems.swift */; };
		8F514FB51AF29AE000F42324 /* AddItemsCell.swift in Sources */ = {isa = PBXBuildFile; fileRef = 8F514FB21AF29AE000F42324 /* AddItemsCell.swift */; };
		8F514FB91AF29AF800F42324 /* OwnerDetailVC.swift in Sources */ = {isa = PBXBuildFile; fileRef = 8F514FB71AF29AF800F42324 /* OwnerDetailVC.swift */; };
		8F514FBA1AF29AF800F42324 /* OwnerDetailCell.swift in Sources */ = {isa = PBXBuildFile; fileRef = 8F514FB81AF29AF800F42324 /* OwnerDetailCell.swift */; };
		8F514FBC1AF29D8800F42324 /* ParseFacebookUtilsV4.framework in Frameworks */ = {isa = PBXBuildFile; fileRef = 8F514FBB1AF29D8800F42324 /* ParseFacebookUtilsV4.framework */; };
		8F514FBE1AF29E9200F42324 /* FBSDKCoreKit.framework in Frameworks */ = {isa = PBXBuildFile; fileRef = 8F514FBD1AF29E9200F42324 /* FBSDKCoreKit.framework */; };
		8F514FC31AF2A0EF00F42324 /* SWRevealViewController.m in Sources */ = {isa = PBXBuildFile; fileRef = 8F514FC21AF2A0EF00F42324 /* SWRevealViewController.m */; };
		8F514FC51AF2A2E100F42324 /* ParseUI.framework in Frameworks */ = {isa = PBXBuildFile; fileRef = 8F514FC41AF2A2E100F42324 /* ParseUI.framework */; };
		8F514FC71AF2A7E200F42324 /* InAppPurchase.swift in Sources */ = {isa = PBXBuildFile; fileRef = 8F514FC61AF2A7E200F42324 /* InAppPurchase.swift */; };
		8F514FC91AF2A88D00F42324 /* AboutVC.swift in Sources */ = {isa = PBXBuildFile; fileRef = 8F514FC81AF2A88D00F42324 /* AboutVC.swift */; };
		8F514FCB1AF2BC3A00F42324 /* FBSDKLoginKit.framework in Frameworks */ = {isa = PBXBuildFile; fileRef = 8F514FCA1AF2BC3A00F42324 /* FBSDKLoginKit.framework */; };
		8F514FCE1AF2BFD000F42324 /* User.swift in Sources */ = {isa = PBXBuildFile; fileRef = 8F514FCD1AF2BFD000F42324 /* User.swift */; };
		8F514FD01AF2C5BE00F42324 /* Accounts.framework in Frameworks */ = {isa = PBXBuildFile; fileRef = 8F514FCF1AF2C5BE00F42324 /* Accounts.framework */; };
		8F514FD21AF2C5C500F42324 /* Social.framework in Frameworks */ = {isa = PBXBuildFile; fileRef = 8F514FD11AF2C5C500F42324 /* Social.framework */; };
		8F514FD41AF2D23E00F42324 /* SwRear.swift in Sources */ = {isa = PBXBuildFile; fileRef = 8F514FD31AF2D23E00F42324 /* SwRear.swift */; };
		8F514FD61AF2D45400F42324 /* SwRearCell.swift in Sources */ = {isa = PBXBuildFile; fileRef = 8F514FD51AF2D45400F42324 /* SwRearCell.swift */; };
		8F514FD81AF2D68200F42324 /* iAd.framework in Frameworks */ = {isa = PBXBuildFile; fileRef = 8F514FD71AF2D68200F42324 /* iAd.framework */; };
		8F514FDA1AF2D68C00F42324 /* AdSupport.framework in Frameworks */ = {isa = PBXBuildFile; fileRef = 8F514FD91AF2D68C00F42324 /* AdSupport.framework */; };
		8F514FDC1AF2FBF700F42324 /* OwnerItems.swift in Sources */ = {isa = PBXBuildFile; fileRef = 8F514FDB1AF2FBF700F42324 /* OwnerItems.swift */; };
		8F5150281AF3E6E500F42324 /* ItemCell.swift in Sources */ = {isa = PBXBuildFile; fileRef = 8F5150271AF3E6E400F42324 /* ItemCell.swift */; };
		8F51502A1AF3F36B00F42324 /* ItemDetail.swift in Sources */ = {isa = PBXBuildFile; fileRef = 8F5150291AF3F36B00F42324 /* ItemDetail.swift */; };
		8F5B66671AF7B5A4000BEC18 /* OwnerItemDetailVC.swift in Sources */ = {isa = PBXBuildFile; fileRef = 8F5B66661AF7B5A4000BEC18 /* OwnerItemDetailVC.swift */; };
		8F5B66691AF7B64A000BEC18 /* OwnerItemDetailCell.swift in Sources */ = {isa = PBXBuildFile; fileRef = 8F5B66681AF7B64A000BEC18 /* OwnerItemDetailCell.swift */; };
		8F5B666F1AF94009000BEC18 /* GuestDetailVC.swift in Sources */ = {isa = PBXBuildFile; fileRef = 8F5B666E1AF94009000BEC18 /* GuestDetailVC.swift */; };
		8F5B66741AF943BC000BEC18 /* GuestItemDetailVC.swift in Sources */ = {isa = PBXBuildFile; fileRef = 8F5B66731AF943BC000BEC18 /* GuestItemDetailVC.swift */; };
		8F5B66761AF94416000BEC18 /* itemsDetailCell.swift in Sources */ = {isa = PBXBuildFile; fileRef = 8F5B66751AF94416000BEC18 /* itemsDetailCell.swift */; };
/* End PBXBuildFile section */

/* Begin PBXContainerItemProxy section */
		8F514F631AF2916E00F42324 /* PBXContainerItemProxy */ = {
			isa = PBXContainerItemProxy;
			containerPortal = 8F514F451AF2916D00F42324 /* Project object */;
			proxyType = 1;
			remoteGlobalIDString = 8F514F4C1AF2916D00F42324;
			remoteInfo = OwnersCloset;
		};
/* End PBXContainerItemProxy section */

/* Begin PBXFileReference section */
		8F3C785B1AF4093300478134 /* Globals.swift */ = {isa = PBXFileReference; fileEncoding = 4; lastKnownFileType = sourcecode.swift; path = Globals.swift; sourceTree = "<group>"; };
		8F514F4D1AF2916D00F42324 /* OwnersCloset.app */ = {isa = PBXFileReference; explicitFileType = wrapper.application; includeInIndex = 0; path = OwnersCloset.app; sourceTree = BUILT_PRODUCTS_DIR; };
		8F514F511AF2916D00F42324 /* Info.plist */ = {isa = PBXFileReference; lastKnownFileType = text.plist.xml; path = Info.plist; sourceTree = "<group>"; };
		8F514F571AF2916E00F42324 /* Base */ = {isa = PBXFileReference; lastKnownFileType = file.storyboard; name = Base; path = Base.lproj/Main.storyboard; sourceTree = "<group>"; };
		8F514F591AF2916E00F42324 /* Images.xcassets */ = {isa = PBXFileReference; lastKnownFileType = folder.assetcatalog; path = Images.xcassets; sourceTree = "<group>"; };
		8F514F5C1AF2916E00F42324 /* Base */ = {isa = PBXFileReference; lastKnownFileType = file.xib; name = Base; path = Base.lproj/LaunchScreen.xib; sourceTree = "<group>"; };
		8F514F621AF2916E00F42324 /* OwnersClosetTests.xctest */ = {isa = PBXFileReference; explicitFileType = wrapper.cfbundle; includeInIndex = 0; path = OwnersClosetTests.xctest; sourceTree = BUILT_PRODUCTS_DIR; };
		8F514F671AF2916E00F42324 /* Info.plist */ = {isa = PBXFileReference; lastKnownFileType = text.plist.xml; path = Info.plist; sourceTree = "<group>"; };
		8F514F681AF2916E00F42324 /* OwnersClosetTests.swift */ = {isa = PBXFileReference; lastKnownFileType = sourcecode.swift; path = OwnersClosetTests.swift; sourceTree = "<group>"; };
		8F514F731AF2979000F42324 /* Bolts.framework */ = {isa = PBXFileReference; lastKnownFileType = wrapper.framework; path = Bolts.framework; sourceTree = "<group>"; };
		8F514F741AF2979000F42324 /* Parse.framework */ = {isa = PBXFileReference; lastKnownFileType = wrapper.framework; path = Parse.framework; sourceTree = "<group>"; };
		8F514F7D1AF298AB00F42324 /* AudioToolbox.framework */ = {isa = PBXFileReference; lastKnownFileType = wrapper.framework; name = AudioToolbox.framework; path = System/Library/Frameworks/AudioToolbox.framework; sourceTree = SDKROOT; };
		8F514F7F1AF298B300F42324 /* CFNetwork.framework */ = {isa = PBXFileReference; lastKnownFileType = wrapper.framework; name = CFNetwork.framework; path = System/Library/Frameworks/CFNetwork.framework; sourceTree = SDKROOT; };
		8F514F811AF298BE00F42324 /* CoreGraphics.framework */ = {isa = PBXFileReference; lastKnownFileType = wrapper.framework; name = CoreGraphics.framework; path = System/Library/Frameworks/CoreGraphics.framework; sourceTree = SDKROOT; };
		8F514F831AF298C700F42324 /* CoreLocation.framework */ = {isa = PBXFileReference; lastKnownFileType = wrapper.framework; name = CoreLocation.framework; path = System/Library/Frameworks/CoreLocation.framework; sourceTree = SDKROOT; };
		8F514F851AF298D100F42324 /* MobileCoreServices.framework */ = {isa = PBXFileReference; lastKnownFileType = wrapper.framework; name = MobileCoreServices.framework; path = System/Library/Frameworks/MobileCoreServices.framework; sourceTree = SDKROOT; };
		8F514F871AF298D800F42324 /* QuartzCore.framework */ = {isa = PBXFileReference; lastKnownFileType = wrapper.framework; name = QuartzCore.framework; path = System/Library/Frameworks/QuartzCore.framework; sourceTree = SDKROOT; };
		8F514F891AF298E000F42324 /* Security.framework */ = {isa = PBXFileReference; lastKnownFileType = wrapper.framework; name = Security.framework; path = System/Library/Frameworks/Security.framework; sourceTree = SDKROOT; };
		8F514F8B1AF298EA00F42324 /* StoreKit.framework */ = {isa = PBXFileReference; lastKnownFileType = wrapper.framework; name = StoreKit.framework; path = System/Library/Frameworks/StoreKit.framework; sourceTree = SDKROOT; };
		8F514F8D1AF298F700F42324 /* SystemConfiguration.framework */ = {isa = PBXFileReference; lastKnownFileType = wrapper.framework; name = SystemConfiguration.framework; path = System/Library/Frameworks/SystemConfiguration.framework; sourceTree = SDKROOT; };
		8F514F8F1AF2990600F42324 /* libz.dylib */ = {isa = PBXFileReference; lastKnownFileType = "compiled.mach-o.dylib"; name = libz.dylib; path = usr/lib/libz.dylib; sourceTree = SDKROOT; };
		8F514F911AF2991700F42324 /* libsqlite3.dylib */ = {isa = PBXFileReference; lastKnownFileType = "compiled.mach-o.dylib"; name = libsqlite3.dylib; path = usr/lib/libsqlite3.dylib; sourceTree = SDKROOT; };
		8F514F931AF299B600F42324 /* AppDelegate.swift */ = {isa = PBXFileReference; fileEncoding = 4; lastKnownFileType = sourcecode.swift; path = AppDelegate.swift; sourceTree = "<group>"; };
		8F514F961AF299E400F42324 /* EntryVC.swift */ = {isa = PBXFileReference; fileEncoding = 4; lastKnownFileType = sourcecode.swift; path = EntryVC.swift; sourceTree = "<group>"; };
		8F514F9B1AF29A3900F42324 /* GuestDetailCell.swift */ = {isa = PBXFileReference; fileEncoding = 4; lastKnownFileType = sourcecode.swift; path = GuestDetailCell.swift; sourceTree = "<group>"; };
		8F514F9C1AF29A3900F42324 /* MapViewVC.swift */ = {isa = PBXFileReference; fileEncoding = 4; lastKnownFileType = sourcecode.swift; path = MapViewVC.swift; sourceTree = "<group>"; };
		8F514FA11AF29A6700F42324 /* ReturnedPlaceVC.swift */ = {isa = PBXFileReference; fileEncoding = 4; lastKnownFileType = sourcecode.swift; path = ReturnedPlaceVC.swift; sourceTree = "<group>"; };
		8F514FA41AF29A8700F42324 /* GuestSearchVC.swift */ = {isa = PBXFileReference; fileEncoding = 4; lastKnownFileType = sourcecode.swift; path = GuestSearchVC.swift; sourceTree = "<group>"; };
		8F514FA61AF29A9C00F42324 /* GuestVC.swift */ = {isa = PBXFileReference; fileEncoding = 4; lastKnownFileType = sourcecode.swift; path = GuestVC.swift; sourceTree = "<group>"; };
		8F514FA71AF29A9C00F42324 /* GuestVCCell.swift */ = {isa = PBXFileReference; fileEncoding = 4; lastKnownFileType = sourcecode.swift; path = GuestVCCell.swift; sourceTree = "<group>"; };
		8F514FAB1AF29AC300F42324 /* OwnerVC.swift */ = {isa = PBXFileReference; fileEncoding = 4; lastKnownFileType = sourcecode.swift; path = OwnerVC.swift; sourceTree = "<group>"; };
		8F514FAC1AF29AC300F42324 /* OwnerVCCell.swift */ = {isa = PBXFileReference; fileEncoding = 4; lastKnownFileType = sourcecode.swift; path = OwnerVCCell.swift; sourceTree = "<group>"; };
		8F514FB01AF29AE000F42324 /* OwnerAddVC.swift */ = {isa = PBXFileReference; fileEncoding = 4; lastKnownFileType = sourcecode.swift; path = OwnerAddVC.swift; sourceTree = "<group>"; };
		8F514FB11AF29AE000F42324 /* OwnerAddItems.swift */ = {isa = PBXFileReference; fileEncoding = 4; lastKnownFileType = sourcecode.swift; path = OwnerAddItems.swift; sourceTree = "<group>"; };
		8F514FB21AF29AE000F42324 /* AddItemsCell.swift */ = {isa = PBXFileReference; fileEncoding = 4; lastKnownFileType = sourcecode.swift; path = AddItemsCell.swift; sourceTree = "<group>"; };
		8F514FB71AF29AF800F42324 /* OwnerDetailVC.swift */ = {isa = PBXFileReference; fileEncoding = 4; lastKnownFileType = sourcecode.swift; path = OwnerDetailVC.swift; sourceTree = "<group>"; };
		8F514FB81AF29AF800F42324 /* OwnerDetailCell.swift */ = {isa = PBXFileReference; fileEncoding = 4; lastKnownFileType = sourcecode.swift; path = OwnerDetailCell.swift; sourceTree = "<group>"; };
		8F514FBB1AF29D8800F42324 /* ParseFacebookUtilsV4.framework */ = {isa = PBXFileReference; lastKnownFileType = wrapper.framework; name = ParseFacebookUtilsV4.framework; path = "../../SDKs/parse-library-1.7.2/ParseFacebookUtilsV4.framework"; sourceTree = "<group>"; };
		8F514FBD1AF29E9200F42324 /* FBSDKCoreKit.framework */ = {isa = PBXFileReference; lastKnownFileType = wrapper.framework; path = FBSDKCoreKit.framework; sourceTree = "<group>"; };
		8F514FBF1AF2A02600F42324 /* Bridging-Header.h */ = {isa = PBXFileReference; lastKnownFileType = sourcecode.c.h; path = "Bridging-Header.h"; sourceTree = "<group>"; };
		8F514FC11AF2A0EF00F42324 /* SWRevealViewController.h */ = {isa = PBXFileReference; fileEncoding = 4; lastKnownFileType = sourcecode.c.h; path = SWRevealViewController.h; sourceTree = "<group>"; };
		8F514FC21AF2A0EF00F42324 /* SWRevealViewController.m */ = {isa = PBXFileReference; fileEncoding = 4; lastKnownFileType = sourcecode.c.objc; path = SWRevealViewController.m; sourceTree = "<group>"; };
		8F514FC41AF2A2E100F42324 /* ParseUI.framework */ = {isa = PBXFileReference; lastKnownFileType = wrapper.framework; name = ParseUI.framework; path = "../../SDKs/parse-library-1.7.2/ParseUI.framework"; sourceTree = "<group>"; };
		8F514FC61AF2A7E200F42324 /* InAppPurchase.swift */ = {isa = PBXFileReference; fileEncoding = 4; lastKnownFileType = sourcecode.swift; path = InAppPurchase.swift; sourceTree = "<group>"; };
		8F514FC81AF2A88D00F42324 /* AboutVC.swift */ = {isa = PBXFileReference; fileEncoding = 4; lastKnownFileType = sourcecode.swift; path = AboutVC.swift; sourceTree = "<group>"; };
		8F514FCA1AF2BC3A00F42324 /* FBSDKLoginKit.framework */ = {isa = PBXFileReference; lastKnownFileType = wrapper.framework; name = FBSDKLoginKit.framework; path = ../../SDKs/FacebookSDK/FBSDKLoginKit.framework; sourceTree = "<group>"; };
		8F514FCD1AF2BFD000F42324 /* User.swift */ = {isa = PBXFileReference; fileEncoding = 4; lastKnownFileType = sourcecode.swift; path = User.swift; sourceTree = "<group>"; };
		8F514FCF1AF2C5BE00F42324 /* Accounts.framework */ = {isa = PBXFileReference; lastKnownFileType = wrapper.framework; name = Accounts.framework; path = System/Library/Frameworks/Accounts.framework; sourceTree = SDKROOT; };
		8F514FD11AF2C5C500F42324 /* Social.framework */ = {isa = PBXFileReference; lastKnownFileType = wrapper.framework; name = Social.framework; path = System/Library/Frameworks/Social.framework; sourceTree = SDKROOT; };
		8F514FD31AF2D23E00F42324 /* SwRear.swift */ = {isa = PBXFileReference; fileEncoding = 4; lastKnownFileType = sourcecode.swift; path = SwRear.swift; sourceTree = "<group>"; };
		8F514FD51AF2D45400F42324 /* SwRearCell.swift */ = {isa = PBXFileReference; fileEncoding = 4; lastKnownFileType = sourcecode.swift; path = SwRearCell.swift; sourceTree = "<group>"; };
		8F514FD71AF2D68200F42324 /* iAd.framework */ = {isa = PBXFileReference; lastKnownFileType = wrapper.framework; name = iAd.framework; path = System/Library/Frameworks/iAd.framework; sourceTree = SDKROOT; };
		8F514FD91AF2D68C00F42324 /* AdSupport.framework */ = {isa = PBXFileReference; lastKnownFileType = wrapper.framework; name = AdSupport.framework; path = System/Library/Frameworks/AdSupport.framework; sourceTree = SDKROOT; };
		8F514FDB1AF2FBF700F42324 /* OwnerItems.swift */ = {isa = PBXFileReference; fileEncoding = 4; lastKnownFileType = sourcecode.swift; path = OwnerItems.swift; sourceTree = "<group>"; };
		8F5150271AF3E6E400F42324 /* ItemCell.swift */ = {isa = PBXFileReference; lastKnownFileType = sourcecode.swift; path = ItemCell.swift; sourceTree = "<group>"; };
		8F5150291AF3F36B00F42324 /* ItemDetail.swift */ = {isa = PBXFileReference; fileEncoding = 4; lastKnownFileType = sourcecode.swift; path = ItemDetail.swift; sourceTree = "<group>"; };
		8F5B66661AF7B5A4000BEC18 /* OwnerItemDetailVC.swift */ = {isa = PBXFileReference; fileEncoding = 4; lastKnownFileType = sourcecode.swift; path = OwnerItemDetailVC.swift; sourceTree = "<group>"; };
		8F5B66681AF7B64A000BEC18 /* OwnerItemDetailCell.swift */ = {isa = PBXFileReference; fileEncoding = 4; lastKnownFileType = sourcecode.swift; path = OwnerItemDetailCell.swift; sourceTree = "<group>"; };
		8F5B666E1AF94009000BEC18 /* GuestDetailVC.swift */ = {isa = PBXFileReference; fileEncoding = 4; lastKnownFileType = sourcecode.swift; path = GuestDetailVC.swift; sourceTree = "<group>"; };
		8F5B66731AF943BC000BEC18 /* GuestItemDetailVC.swift */ = {isa = PBXFileReference; fileEncoding = 4; lastKnownFileType = sourcecode.swift; path = GuestItemDetailVC.swift; sourceTree = "<group>"; };
		8F5B66751AF94416000BEC18 /* itemsDetailCell.swift */ = {isa = PBXFileReference; fileEncoding = 4; lastKnownFileType = sourcecode.swift; path = itemsDetailCell.swift; sourceTree = "<group>"; };
/* End PBXFileReference section */

/* Begin PBXFrameworksBuildPhase section */
		8F514F4A1AF2916D00F42324 /* Frameworks */ = {
			isa = PBXFrameworksBuildPhase;
			buildActionMask = 2147483647;
			files = (
				8F514FDA1AF2D68C00F42324 /* AdSupport.framework in Frameworks */,
				8F514FD81AF2D68200F42324 /* iAd.framework in Frameworks */,
				8F514FD21AF2C5C500F42324 /* Social.framework in Frameworks */,
				8F514FD01AF2C5BE00F42324 /* Accounts.framework in Frameworks */,
				8F514FCB1AF2BC3A00F42324 /* FBSDKLoginKit.framework in Frameworks */,
				8F514FC51AF2A2E100F42324 /* ParseUI.framework in Frameworks */,
				8F514FBC1AF29D8800F42324 /* ParseFacebookUtilsV4.framework in Frameworks */,
				8F514F921AF2991700F42324 /* libsqlite3.dylib in Frameworks */,
				8F514F901AF2990600F42324 /* libz.dylib in Frameworks */,
				8F514F8E1AF298F700F42324 /* SystemConfiguration.framework in Frameworks */,
				8F514F8C1AF298EA00F42324 /* StoreKit.framework in Frameworks */,
				8F514F8A1AF298E000F42324 /* Security.framework in Frameworks */,
				8F514F881AF298D800F42324 /* QuartzCore.framework in Frameworks */,
				8F514F861AF298D100F42324 /* MobileCoreServices.framework in Frameworks */,
				8F514F841AF298C700F42324 /* CoreLocation.framework in Frameworks */,
				8F514F821AF298BE00F42324 /* CoreGraphics.framework in Frameworks */,
				8F514FBE1AF29E9200F42324 /* FBSDKCoreKit.framework in Frameworks */,
				8F514F801AF298B300F42324 /* CFNetwork.framework in Frameworks */,
				8F514F7E1AF298AB00F42324 /* AudioToolbox.framework in Frameworks */,
				8F514F761AF2979000F42324 /* Parse.framework in Frameworks */,
				8F514F751AF2979000F42324 /* Bolts.framework in Frameworks */,
			);
			runOnlyForDeploymentPostprocessing = 0;
		};
		8F514F5F1AF2916E00F42324 /* Frameworks */ = {
			isa = PBXFrameworksBuildPhase;
			buildActionMask = 2147483647;
			files = (
			);
			runOnlyForDeploymentPostprocessing = 0;
		};
/* End PBXFrameworksBuildPhase section */

/* Begin PBXGroup section */
		8F514F441AF2916D00F42324 = {
			isa = PBXGroup;
			children = (
				8F514F4F1AF2916D00F42324 /* OwnersCloset */,
				8F514F651AF2916E00F42324 /* OwnersClosetTests */,
				8F514F4E1AF2916D00F42324 /* Products */,
			);
			sourceTree = "<group>";
		};
		8F514F4E1AF2916D00F42324 /* Products */ = {
			isa = PBXGroup;
			children = (
				8F514F4D1AF2916D00F42324 /* OwnersCloset.app */,
				8F514F621AF2916E00F42324 /* OwnersClosetTests.xctest */,
			);
			name = Products;
			sourceTree = "<group>";
		};
		8F514F4F1AF2916D00F42324 /* OwnersCloset */ = {
			isa = PBXGroup;
			children = (
				8F514FCC1AF2BFB700F42324 /* data */,
				8F514F951AF299BA00F42324 /* Controllers */,
				8F514F561AF2916E00F42324 /* Main.storyboard */,
				8F514F591AF2916E00F42324 /* Images.xcassets */,
				8F514F5B1AF2916E00F42324 /* LaunchScreen.xib */,
				8F514F501AF2916D00F42324 /* Supporting Files */,
			);
			path = OwnersCloset;
			sourceTree = "<group>";
		};
		8F514F501AF2916D00F42324 /* Supporting Files */ = {
			isa = PBXGroup;
			children = (
				8F514FBF1AF2A02600F42324 /* Bridging-Header.h */,
				8F514F721AF2975500F42324 /* Frameworks */,
				8F514F511AF2916D00F42324 /* Info.plist */,
			);
			name = "Supporting Files";
			sourceTree = "<group>";
		};
		8F514F651AF2916E00F42324 /* OwnersClosetTests */ = {
			isa = PBXGroup;
			children = (
				8F514F681AF2916E00F42324 /* OwnersClosetTests.swift */,
				8F514F661AF2916E00F42324 /* Supporting Files */,
			);
			path = OwnersClosetTests;
			sourceTree = "<group>";
		};
		8F514F661AF2916E00F42324 /* Supporting Files */ = {
			isa = PBXGroup;
			children = (
				8F514F671AF2916E00F42324 /* Info.plist */,
			);
			name = "Supporting Files";
			sourceTree = "<group>";
		};
		8F514F721AF2975500F42324 /* Frameworks */ = {
			isa = PBXGroup;
			children = (
				8F514FD91AF2D68C00F42324 /* AdSupport.framework */,
				8F514FD71AF2D68200F42324 /* iAd.framework */,
				8F514FD11AF2C5C500F42324 /* Social.framework */,
				8F514FCF1AF2C5BE00F42324 /* Accounts.framework */,
				8F514FCA1AF2BC3A00F42324 /* FBSDKLoginKit.framework */,
				8F514FC41AF2A2E100F42324 /* ParseUI.framework */,
				8F514FBD1AF29E9200F42324 /* FBSDKCoreKit.framework */,
				8F514FBB1AF29D8800F42324 /* ParseFacebookUtilsV4.framework */,
				8F514F911AF2991700F42324 /* libsqlite3.dylib */,
				8F514F8F1AF2990600F42324 /* libz.dylib */,
				8F514F8D1AF298F700F42324 /* SystemConfiguration.framework */,
				8F514F8B1AF298EA00F42324 /* StoreKit.framework */,
				8F514F891AF298E000F42324 /* Security.framework */,
				8F514F871AF298D800F42324 /* QuartzCore.framework */,
				8F514F851AF298D100F42324 /* MobileCoreServices.framework */,
				8F514F831AF298C700F42324 /* CoreLocation.framework */,
				8F514F811AF298BE00F42324 /* CoreGraphics.framework */,
				8F514F7F1AF298B300F42324 /* CFNetwork.framework */,
				8F514F7D1AF298AB00F42324 /* AudioToolbox.framework */,
				8F514F731AF2979000F42324 /* Bolts.framework */,
				8F514F741AF2979000F42324 /* Parse.framework */,
			);
			name = Frameworks;
			sourceTree = "<group>";
		};
		8F514F951AF299BA00F42324 /* Controllers */ = {
			isa = PBXGroup;
			children = (
				8F514F931AF299B600F42324 /* AppDelegate.swift */,
				8F514FC61AF2A7E200F42324 /* InAppPurchase.swift */,
				8F514F961AF299E400F42324 /* EntryVC.swift */,
				8F514FC81AF2A88D00F42324 /* AboutVC.swift */,
				8F514FC01AF2A0C700F42324 /* SWReveal */,
				8F514FAA1AF29AAA00F42324 /* Owner */,
				8F514F981AF29A1500F42324 /* Guest */,
			);
			name = Controllers;
			sourceTree = "<group>";
		};
		8F514F981AF29A1500F42324 /* Guest */ = {
			isa = PBXGroup;
			children = (
				8F5B66771AF944B5000BEC18 /* MapView */,
				8F514FA61AF29A9C00F42324 /* GuestVC.swift */,
				8F514FA71AF29A9C00F42324 /* GuestVCCell.swift */,
				8F514FA31AF29A7200F42324 /* GuestSearchVC */,
				8F514F991AF29A2200F42324 /* GuestDetailVC */,
			);
			name = Guest;
			sourceTree = "<group>";
		};
		8F514F991AF29A2200F42324 /* GuestDetailVC */ = {
			isa = PBXGroup;
			children = (
				8F5B666E1AF94009000BEC18 /* GuestDetailVC.swift */,
				8F514F9B1AF29A3900F42324 /* GuestDetailCell.swift */,
				8F5B66721AF9438A000BEC18 /* GuestItemDetail */,
			);
			name = GuestDetailVC;
			sourceTree = "<group>";
		};
		8F514FA31AF29A7200F42324 /* GuestSearchVC */ = {
			isa = PBXGroup;
			children = (
				8F514FA41AF29A8700F42324 /* GuestSearchVC.swift */,
				8F514FA11AF29A6700F42324 /* ReturnedPlaceVC.swift */,
			);
			name = GuestSearchVC;
			sourceTree = "<group>";
		};
		8F514FAA1AF29AAA00F42324 /* Owner */ = {
			isa = PBXGroup;
			children = (
				8F514FB61AF29AE800F42324 /* OwnerDetailVC */,
				8F514FAF1AF29ACA00F42324 /* OwnerAddPlaceVC */,
				8F514FAB1AF29AC300F42324 /* OwnerVC.swift */,
				8F514FAC1AF29AC300F42324 /* OwnerVCCell.swift */,
			);
			name = Owner;
			sourceTree = "<group>";
		};
		8F514FAF1AF29ACA00F42324 /* OwnerAddPlaceVC */ = {
			isa = PBXGroup;
			children = (
				8F5150261AF3E61500F42324 /* Add Items */,
				8F514FB01AF29AE000F42324 /* OwnerAddVC.swift */,
			);
			name = OwnerAddPlaceVC;
			sourceTree = "<group>";
		};
		8F514FB61AF29AE800F42324 /* OwnerDetailVC */ = {
			isa = PBXGroup;
			children = (
				8F514FB71AF29AF800F42324 /* OwnerDetailVC.swift */,
				8F514FB81AF29AF800F42324 /* OwnerDetailCell.swift */,
				8F5B66661AF7B5A4000BEC18 /* OwnerItemDetailVC.swift */,
				8F5B66681AF7B64A000BEC18 /* OwnerItemDetailCell.swift */,
			);
			name = OwnerDetailVC;
			sourceTree = "<group>";
		};
		8F514FC01AF2A0C700F42324 /* SWReveal */ = {
			isa = PBXGroup;
			children = (
				8F514FC11AF2A0EF00F42324 /* SWRevealViewController.h */,
				8F514FC21AF2A0EF00F42324 /* SWRevealViewController.m */,
				8F514FD31AF2D23E00F42324 /* SwRear.swift */,
				8F514FD51AF2D45400F42324 /* SwRearCell.swift */,
			);
			name = SWReveal;
			sourceTree = "<group>";
		};
		8F514FCC1AF2BFB700F42324 /* data */ = {
			isa = PBXGroup;
			children = (
				8F514FCD1AF2BFD000F42324 /* User.swift */,
				8F514FDB1AF2FBF700F42324 /* OwnerItems.swift */,
				8F3C785B1AF4093300478134 /* Globals.swift */,
			);
			name = data;
			sourceTree = "<group>";
		};
		8F5150261AF3E61500F42324 /* Add Items */ = {
			isa = PBXGroup;
			children = (
				8F5150271AF3E6E400F42324 /* ItemCell.swift */,
				8F514FB11AF29AE000F42324 /* OwnerAddItems.swift */,
				8F514FB21AF29AE000F42324 /* AddItemsCell.swift */,
				8F5150291AF3F36B00F42324 /* ItemDetail.swift */,
			);
			name = "Add Items";
			sourceTree = "<group>";
		};
		8F5B66721AF9438A000BEC18 /* GuestItemDetail */ = {
			isa = PBXGroup;
			children = (
				8F5B66731AF943BC000BEC18 /* GuestItemDetailVC.swift */,
				8F5B66751AF94416000BEC18 /* itemsDetailCell.swift */,
			);
			name = GuestItemDetail;
			sourceTree = "<group>";
		};
		8F5B66771AF944B5000BEC18 /* MapView */ = {
			isa = PBXGroup;
			children = (
				8F514F9C1AF29A3900F42324 /* MapViewVC.swift */,
			);
			name = MapView;
			sourceTree = "<group>";
		};
/* End PBXGroup section */

/* Begin PBXNativeTarget section */
		8F514F4C1AF2916D00F42324 /* OwnersCloset */ = {
			isa = PBXNativeTarget;
			buildConfigurationList = 8F514F6C1AF2916E00F42324 /* Build configuration list for PBXNativeTarget "OwnersCloset" */;
			buildPhases = (
				8F514F491AF2916D00F42324 /* Sources */,
				8F514F4A1AF2916D00F42324 /* Frameworks */,
				8F514F4B1AF2916D00F42324 /* Resources */,
			);
			buildRules = (
			);
			dependencies = (
			);
			name = OwnersCloset;
			productName = OwnersCloset;
			productReference = 8F514F4D1AF2916D00F42324 /* OwnersCloset.app */;
			productType = "com.apple.product-type.application";
		};
		8F514F611AF2916E00F42324 /* OwnersClosetTests */ = {
			isa = PBXNativeTarget;
			buildConfigurationList = 8F514F6F1AF2916E00F42324 /* Build configuration list for PBXNativeTarget "OwnersClosetTests" */;
			buildPhases = (
				8F514F5E1AF2916E00F42324 /* Sources */,
				8F514F5F1AF2916E00F42324 /* Frameworks */,
				8F514F601AF2916E00F42324 /* Resources */,
			);
			buildRules = (
			);
			dependencies = (
				8F514F641AF2916E00F42324 /* PBXTargetDependency */,
			);
			name = OwnersClosetTests;
			productName = OwnersClosetTests;
			productReference = 8F514F621AF2916E00F42324 /* OwnersClosetTests.xctest */;
			productType = "com.apple.product-type.bundle.unit-test";
		};
/* End PBXNativeTarget section */

/* Begin PBXProject section */
		8F514F451AF2916D00F42324 /* Project object */ = {
			isa = PBXProject;
			attributes = {
				LastUpgradeCheck = 0630;
				ORGANIZATIONNAME = "Jim Aven";
				TargetAttributes = {
					8F514F4C1AF2916D00F42324 = {
						CreatedOnToolsVersion = 6.3.1;
						DevelopmentTeam = G9Y82XZD3R;
					};
					8F514F611AF2916E00F42324 = {
						CreatedOnToolsVersion = 6.3.1;
						TestTargetID = 8F514F4C1AF2916D00F42324;
					};
				};
			};
			buildConfigurationList = 8F514F481AF2916D00F42324 /* Build configuration list for PBXProject "OwnersCloset" */;
			compatibilityVersion = "Xcode 3.2";
			developmentRegion = English;
			hasScannedForEncodings = 0;
			knownRegions = (
				en,
				Base,
			);
			mainGroup = 8F514F441AF2916D00F42324;
			productRefGroup = 8F514F4E1AF2916D00F42324 /* Products */;
			projectDirPath = "";
			projectRoot = "";
			targets = (
				8F514F4C1AF2916D00F42324 /* OwnersCloset */,
				8F514F611AF2916E00F42324 /* OwnersClosetTests */,
			);
		};
/* End PBXProject section */

/* Begin PBXResourcesBuildPhase section */
		8F514F4B1AF2916D00F42324 /* Resources */ = {
			isa = PBXResourcesBuildPhase;
			buildActionMask = 2147483647;
			files = (
				8F514F581AF2916E00F42324 /* Main.storyboard in Resources */,
				8F514F5D1AF2916E00F42324 /* LaunchScreen.xib in Resources */,
				8F514F5A1AF2916E00F42324 /* Images.xcassets in Resources */,
			);
			runOnlyForDeploymentPostprocessing = 0;
		};
		8F514F601AF2916E00F42324 /* Resources */ = {
			isa = PBXResourcesBuildPhase;
			buildActionMask = 2147483647;
			files = (
			);
			runOnlyForDeploymentPostprocessing = 0;
		};
/* End PBXResourcesBuildPhase section */

/* Begin PBXSourcesBuildPhase section */
		8F514F491AF2916D00F42324 /* Sources */ = {
			isa = PBXSourcesBuildPhase;
			buildActionMask = 2147483647;
			files = (
				8F5150281AF3E6E500F42324 /* ItemCell.swift in Sources */,
				8F514F971AF299E400F42324 /* EntryVC.swift in Sources */,
				8F514F941AF299B600F42324 /* AppDelegate.swift in Sources */,
				8F514FA21AF29A6700F42324 /* ReturnedPlaceVC.swift in Sources */,
				8F51502A1AF3F36B00F42324 /* ItemDetail.swift in Sources */,
				8F5B66691AF7B64A000BEC18 /* OwnerItemDetailCell.swift in Sources */,
				8F514FA81AF29A9C00F42324 /* GuestVC.swift in Sources */,
				8F514FC31AF2A0EF00F42324 /* SWRevealViewController.m in Sources */,
				8F3C785C1AF4093300478134 /* Globals.swift in Sources */,
				8F514FC71AF2A7E200F42324 /* InAppPurchase.swift in Sources */,
				8F514FB91AF29AF800F42324 /* OwnerDetailVC.swift in Sources */,
				8F514FDC1AF2FBF700F42324 /* OwnerItems.swift in Sources */,
				8F5B66761AF94416000BEC18 /* itemsDetailCell.swift in Sources */,
				8F514F9E1AF29A3900F42324 /* GuestDetailCell.swift in Sources */,
				8F514FA51AF29A8700F42324 /* GuestSearchVC.swift in Sources */,
				8F514FB51AF29AE000F42324 /* AddItemsCell.swift in Sources */,
				8F5B666F1AF94009000BEC18 /* GuestDetailVC.swift in Sources */,
				8F514FD41AF2D23E00F42324 /* SwRear.swift in Sources */,
				8F5B66671AF7B5A4000BEC18 /* OwnerItemDetailVC.swift in Sources */,
				8F514FB31AF29AE000F42324 /* OwnerAddVC.swift in Sources */,
				8F514FD61AF2D45400F42324 /* SwRearCell.swift in Sources */,
				8F5B66741AF943BC000BEC18 /* GuestItemDetailVC.swift in Sources */,
				8F514FB41AF29AE000F42324 /* OwnerAddItems.swift in Sources */,
				8F514FAD1AF29AC300F42324 /* OwnerVC.swift in Sources */,
				8F514FAE1AF29AC300F42324 /* OwnerVCCell.swift in Sources */,
				8F514FA91AF29A9C00F42324 /* GuestVCCell.swift in Sources */,
				8F514FC91AF2A88D00F42324 /* AboutVC.swift in Sources */,
				8F514F9F1AF29A3900F42324 /* MapViewVC.swift in Sources */,
				8F514FBA1AF29AF800F42324 /* OwnerDetailCell.swift in Sources */,
				8F514FCE1AF2BFD000F42324 /* User.swift in Sources */,
			);
			runOnlyForDeploymentPostprocessing = 0;
		};
		8F514F5E1AF2916E00F42324 /* Sources */ = {
			isa = PBXSourcesBuildPhase;
			buildActionMask = 2147483647;
			files = (
				8F514F691AF2916E00F42324 /* OwnersClosetTests.swift in Sources */,
			);
			runOnlyForDeploymentPostprocessing = 0;
		};
/* End PBXSourcesBuildPhase section */

/* Begin PBXTargetDependency section */
		8F514F641AF2916E00F42324 /* PBXTargetDependency */ = {
			isa = PBXTargetDependency;
			target = 8F514F4C1AF2916D00F42324 /* OwnersCloset */;
			targetProxy = 8F514F631AF2916E00F42324 /* PBXContainerItemProxy */;
		};
/* End PBXTargetDependency section */

/* Begin PBXVariantGroup section */
		8F514F561AF2916E00F42324 /* Main.storyboard */ = {
			isa = PBXVariantGroup;
			children = (
				8F514F571AF2916E00F42324 /* Base */,
			);
			name = Main.storyboard;
			sourceTree = "<group>";
		};
		8F514F5B1AF2916E00F42324 /* LaunchScreen.xib */ = {
			isa = PBXVariantGroup;
			children = (
				8F514F5C1AF2916E00F42324 /* Base */,
			);
			name = LaunchScreen.xib;
			sourceTree = "<group>";
		};
/* End PBXVariantGroup section */

/* Begin XCBuildConfiguration section */
		8F514F6A1AF2916E00F42324 /* Debug */ = {
			isa = XCBuildConfiguration;
			buildSettings = {
				ALWAYS_SEARCH_USER_PATHS = NO;
				CLANG_CXX_LANGUAGE_STANDARD = "gnu++0x";
				CLANG_CXX_LIBRARY = "libc++";
				CLANG_ENABLE_MODULES = YES;
				CLANG_ENABLE_OBJC_ARC = YES;
				CLANG_WARN_BOOL_CONVERSION = YES;
				CLANG_WARN_CONSTANT_CONVERSION = YES;
				CLANG_WARN_DIRECT_OBJC_ISA_USAGE = YES_ERROR;
				CLANG_WARN_EMPTY_BODY = YES;
				CLANG_WARN_ENUM_CONVERSION = YES;
				CLANG_WARN_INT_CONVERSION = YES;
				CLANG_WARN_OBJC_ROOT_CLASS = YES_ERROR;
				CLANG_WARN_UNREACHABLE_CODE = YES;
				CLANG_WARN__DUPLICATE_METHOD_MATCH = YES;
				"CODE_SIGN_IDENTITY[sdk=iphoneos*]" = "iPhone Developer";
				COPY_PHASE_STRIP = NO;
				DEBUG_INFORMATION_FORMAT = "dwarf-with-dsym";
				ENABLE_STRICT_OBJC_MSGSEND = YES;
				GCC_C_LANGUAGE_STANDARD = gnu99;
				GCC_DYNAMIC_NO_PIC = NO;
				GCC_NO_COMMON_BLOCKS = YES;
				GCC_OPTIMIZATION_LEVEL = 0;
				GCC_PREPROCESSOR_DEFINITIONS = (
					"DEBUG=1",
					"$(inherited)",
				);
				GCC_SYMBOLS_PRIVATE_EXTERN = NO;
				GCC_WARN_64_TO_32_BIT_CONVERSION = YES;
				GCC_WARN_ABOUT_RETURN_TYPE = YES_ERROR;
				GCC_WARN_UNDECLARED_SELECTOR = YES;
				GCC_WARN_UNINITIALIZED_AUTOS = YES_AGGRESSIVE;
				GCC_WARN_UNUSED_FUNCTION = YES;
				GCC_WARN_UNUSED_VARIABLE = YES;
				IPHONEOS_DEPLOYMENT_TARGET = 8.3;
				MTL_ENABLE_DEBUG_INFO = YES;
				ONLY_ACTIVE_ARCH = YES;
				SDKROOT = iphoneos;
				SWIFT_OPTIMIZATION_LEVEL = "-Onone";
				TARGETED_DEVICE_FAMILY = "1,2";
			};
			name = Debug;
		};
		8F514F6B1AF2916E00F42324 /* Release */ = {
			isa = XCBuildConfiguration;
			buildSettings = {
				ALWAYS_SEARCH_USER_PATHS = NO;
				CLANG_CXX_LANGUAGE_STANDARD = "gnu++0x";
				CLANG_CXX_LIBRARY = "libc++";
				CLANG_ENABLE_MODULES = YES;
				CLANG_ENABLE_OBJC_ARC = YES;
				CLANG_WARN_BOOL_CONVERSION = YES;
				CLANG_WARN_CONSTANT_CONVERSION = YES;
				CLANG_WARN_DIRECT_OBJC_ISA_USAGE = YES_ERROR;
				CLANG_WARN_EMPTY_BODY = YES;
				CLANG_WARN_ENUM_CONVERSION = YES;
				CLANG_WARN_INT_CONVERSION = YES;
				CLANG_WARN_OBJC_ROOT_CLASS = YES_ERROR;
				CLANG_WARN_UNREACHABLE_CODE = YES;
				CLANG_WARN__DUPLICATE_METHOD_MATCH = YES;
				"CODE_SIGN_IDENTITY[sdk=iphoneos*]" = "iPhone Developer";
				COPY_PHASE_STRIP = NO;
				DEBUG_INFORMATION_FORMAT = "dwarf-with-dsym";
				ENABLE_NS_ASSERTIONS = NO;
				ENABLE_STRICT_OBJC_MSGSEND = YES;
				GCC_C_LANGUAGE_STANDARD = gnu99;
				GCC_NO_COMMON_BLOCKS = YES;
				GCC_WARN_64_TO_32_BIT_CONVERSION = YES;
				GCC_WARN_ABOUT_RETURN_TYPE = YES_ERROR;
				GCC_WARN_UNDECLARED_SELECTOR = YES;
				GCC_WARN_UNINITIALIZED_AUTOS = YES_AGGRESSIVE;
				GCC_WARN_UNUSED_FUNCTION = YES;
				GCC_WARN_UNUSED_VARIABLE = YES;
				IPHONEOS_DEPLOYMENT_TARGET = 8.3;
				MTL_ENABLE_DEBUG_INFO = NO;
				SDKROOT = iphoneos;
				TARGETED_DEVICE_FAMILY = "1,2";
				VALIDATE_PRODUCT = YES;
			};
			name = Release;
		};
		8F514F6D1AF2916E00F42324 /* Debug */ = {
			isa = XCBuildConfiguration;
			buildSettings = {
				ASSETCATALOG_COMPILER_APPICON_NAME = AppIcon;
				CODE_SIGN_IDENTITY = "iPhone Developer";
				FRAMEWORK_SEARCH_PATHS = (
					"$(inherited)",
					"$(PROJECT_DIR)/OwnersCloset",
					"/Users/javen/Desktop/projects/SDKs/parse-library-1.7.2",
					/Users/javen/Desktop/projects/SDKs/FacebookSDK,
				);
				INFOPLIST_FILE = OwnersCloset/Info.plist;
				LD_RUNPATH_SEARCH_PATHS = "$(inherited) @executable_path/Frameworks";
				PRODUCT_NAME = "$(TARGET_NAME)";
				SWIFT_OBJC_BRIDGING_HEADER = "OwnersCloset/Bridging-Header.h";
			};
			name = Debug;
		};
		8F514F6E1AF2916E00F42324 /* Release */ = {
			isa = XCBuildConfiguration;
			buildSettings = {
				ASSETCATALOG_COMPILER_APPICON_NAME = AppIcon;
				CODE_SIGN_IDENTITY = "iPhone Developer";
				FRAMEWORK_SEARCH_PATHS = (
					"$(inherited)",
					"$(PROJECT_DIR)/OwnersCloset",
					"/Users/javen/Desktop/projects/SDKs/parse-library-1.7.2",
					/Users/javen/Desktop/projects/SDKs/FacebookSDK,
				);
				INFOPLIST_FILE = OwnersCloset/Info.plist;
				LD_RUNPATH_SEARCH_PATHS = "$(inherited) @executable_path/Frameworks";
				PRODUCT_NAME = "$(TARGET_NAME)";
				SWIFT_OBJC_BRIDGING_HEADER = "OwnersCloset/Bridging-Header.h";
			};
			name = Release;
		};
		8F514F701AF2916E00F42324 /* Debug */ = {
			isa = XCBuildConfiguration;
			buildSettings = {
				BUNDLE_LOADER = "$(TEST_HOST)";
				FRAMEWORK_SEARCH_PATHS = (
					"$(SDKROOT)/Developer/Library/Frameworks",
					"$(inherited)",
				);
				GCC_PREPROCESSOR_DEFINITIONS = (
					"DEBUG=1",
					"$(inherited)",
				);
				INFOPLIST_FILE = OwnersClosetTests/Info.plist;
				LD_RUNPATH_SEARCH_PATHS = "$(inherited) @executable_path/Frameworks @loader_path/Frameworks";
				PRODUCT_NAME = "$(TARGET_NAME)";
				TEST_HOST = "$(BUILT_PRODUCTS_DIR)/OwnersCloset.app/OwnersCloset";
			};
			name = Debug;
		};
		8F514F711AF2916E00F42324 /* Release */ = {
			isa = XCBuildConfiguration;
			buildSettings = {
				BUNDLE_LOADER = "$(TEST_HOST)";
				FRAMEWORK_SEARCH_PATHS = (
					"$(SDKROOT)/Developer/Library/Frameworks",
					"$(inherited)",
				);
				INFOPLIST_FILE = OwnersClosetTests/Info.plist;
				LD_RUNPATH_SEARCH_PATHS = "$(inherited) @executable_path/Frameworks @loader_path/Frameworks";
				PRODUCT_NAME = "$(TARGET_NAME)";
				TEST_HOST = "$(BUILT_PRODUCTS_DIR)/OwnersCloset.app/OwnersCloset";
			};
			name = Release;
		};
/* End XCBuildConfiguration section */

/* Begin XCConfigurationList section */
		8F514F481AF2916D00F42324 /* Build configuration list for PBXProject "OwnersCloset" */ = {
			isa = XCConfigurationList;
			buildConfigurations = (
				8F514F6A1AF2916E00F42324 /* Debug */,
				8F514F6B1AF2916E00F42324 /* Release */,
			);
			defaultConfigurationIsVisible = 0;
			defaultConfigurationName = Release;
		};
		8F514F6C1AF2916E00F42324 /* Build configuration list for PBXNativeTarget "OwnersCloset" */ = {
			isa = XCConfigurationList;
			buildConfigurations = (
				8F514F6D1AF2916E00F42324 /* Debug */,
				8F514F6E1AF2916E00F42324 /* Release */,
			);
			defaultConfigurationIsVisible = 0;
			defaultConfigurationName = Release;
		};
		8F514F6F1AF2916E00F42324 /* Build configuration list for PBXNativeTarget "OwnersClosetTests" */ = {
			isa = XCConfigurationList;
			buildConfigurations = (
				8F514F701AF2916E00F42324 /* Debug */,
				8F514F711AF2916E00F42324 /* Release */,
			);
			defaultConfigurationIsVisible = 0;
			defaultConfigurationName = Release;
		};
/* End XCConfigurationList section */
	};
	rootObject = 8F514F451AF2916D00F42324 /* Project object */;
}
